
Microsoft Visual Studio Solution File, Format Version 12.00
# Visual Studio Version 17
VisualStudioVersion = 17.9.34616.47
MinimumVisualStudioVersion = 10.0.40219.1
Project("{9A19103F-16F7-4668-BE54-9A1E7A4F7556}") = "ProgrammingLabs", "src\ProgrammingLabs\ProgrammingLabs.csproj", "{7B09DE94-B94A-4DF1-8F43-33A2AC5E6E0A}"
EndProject
Project("{FAE04EC0-301F-11D3-BF4B-00C04F79EFBC}") = "ProgrammingLabsTests", "src\ProgrammingLabsTests\ProgrammingLabsTests.csproj", "{DCC11A07-790A-4B79-8CEA-77286164CCA9}"
EndProject
Global
	GlobalSection(SolutionConfigurationPlatforms) = preSolution
		Debug|Any CPU = Debug|Any CPU
		Release|Any CPU = Release|Any CPU
	EndGlobalSection
	GlobalSection(ProjectConfigurationPlatforms) = postSolution
		{7B09DE94-B94A-4DF1-8F43-33A2AC5E6E0A}.Debug|Any CPU.ActiveCfg = Debug|Any CPU
		{7B09DE94-B94A-4DF1-8F43-33A2AC5E6E0A}.Debug|Any CPU.Build.0 = Debug|Any CPU
		{7B09DE94-B94A-4DF1-8F43-33A2AC5E6E0A}.Release|Any CPU.ActiveCfg = Release|Any CPU
		{7B09DE94-B94A-4DF1-8F43-33A2AC5E6E0A}.Release|Any CPU.Build.0 = Release|Any CPU
		{DCC11A07-790A-4B79-8CEA-77286164CCA9}.Debug|Any CPU.ActiveCfg = Debug|Any CPU
		{DCC11A07-790A-4B79-8CEA-77286164CCA9}.Debug|Any CPU.Build.0 = Debug|Any CPU
		{DCC11A07-790A-4B79-8CEA-77286164CCA9}.Release|Any CPU.ActiveCfg = Release|Any CPU
		{DCC11A07-790A-4B79-8CEA-77286164CCA9}.Release|Any CPU.Build.0 = Release|Any CPU
	EndGlobalSection
	GlobalSection(SolutionProperties) = preSolution
		HideSolutionNode = FALSE
	EndGlobalSection
	GlobalSection(ExtensibilityGlobals) = postSolution
		SolutionGuid = {8CB97EF3-B7A0-44A2-8CC3-8713B49A5A9C}
	EndGlobalSection
EndGlobal
